
Microsoft Visual Studio Solution File, Format Version 12.00
# Visual Studio Version 17
VisualStudioVersion = 17.5.002.0
MinimumVisualStudioVersion = 10.0.40219.1
Project("{9A19103F-16F7-4668-BE54-9A1E7A4F7556}") = "PTI POO", "PTI POO.csproj", "{64588C4A-0FAF-4DF8-9CD1-59BBF14289D3}"
EndProject
Global
	GlobalSection(SolutionConfigurationPlatforms) = preSolution
		Debug|Any CPU = Debug|Any CPU
		Release|Any CPU = Release|Any CPU
	EndGlobalSection
	GlobalSection(ProjectConfigurationPlatforms) = postSolution
		{64588C4A-0FAF-4DF8-9CD1-59BBF14289D3}.Debug|Any CPU.ActiveCfg = Debug|Any CPU
		{64588C4A-0FAF-4DF8-9CD1-59BBF14289D3}.Debug|Any CPU.Build.0 = Debug|Any CPU
		{64588C4A-0FAF-4DF8-9CD1-59BBF14289D3}.Release|Any CPU.ActiveCfg = Release|Any CPU
		{64588C4A-0FAF-4DF8-9CD1-59BBF14289D3}.Release|Any CPU.Build.0 = Release|Any CPU
	EndGlobalSection
	GlobalSection(SolutionProperties) = preSolution
		HideSolutionNode = FALSE
	EndGlobalSection
	GlobalSection(ExtensibilityGlobals) = postSolution
		SolutionGuid = {0D2B7244-AE19-44BF-8AA9-E4A081669A10}
	EndGlobalSection
EndGlobal
